{
    "_meta": {
        "hash": {
            "sha256": "416a76f5b3b95f497f992818a8cc77b6c074d1de53fdf4e70685e21349f3921d"
        },
        "pipfile-spec": 6,
        "requires": {
            "python_version": "2.7"
        },
        "sources": [
            {
                "name": "pypi",
                "url": "https://pypi.org/simple",
                "verify_ssl": true
            }
        ]
    },
    "default": {},
    "develop": {
        "futures": {
            "hashes": [
                "sha256:9ec02aa7d674acb8618afb127e27fde7fc68994c0437ad759fa094a574adb265",
                "sha256:ec0a6cb848cc212002b9828c3e34c675e0c9ff6741dc445cab6fdd4e1085d1f1"
            ],
            "index": "pypi",
            "version": "==3.2.0"
        },
        "yapf": {
            "hashes": [
                "sha256:6567745f0b6656f9c33a73c56a393071c699e6284a70d793798ab6e3769d25ec",
                "sha256:a98a6eacca64d2b920558f4a2f78150db9474de821227e60deaa29f186121c63"
            ],
            "index": "pypi",
            "version": "==0.22.0"
        }
    }
}
